
Microsoft Visual Studio Solution File, Format Version 12.00
# Visual Studio Version 17
VisualStudioVersion = 17.5.2.0
MinimumVisualStudioVersion = 10.0.40219.1
Project("{FAE04EC0-301F-11D3-BF4B-00C04F79EFBC}") = "QLS.Backend", "QLS.Backend.csproj", "{B974957D-94CA-6DAE-F9DD-C74718CF20E3}"
EndProject
Project("{FAE04EC0-301F-11D3-BF4B-00C04F79EFBC}") = "QLS.Backend.Tests", "QLS.Backend.Tests\QLS.Backend.Tests.csproj", "{3BBEF81A-60F6-44D8-A686-06254C959201}"
EndProject
Global
	GlobalSection(SolutionConfigurationPlatforms) = preSolution
		Debug|Any CPU = Debug|Any CPU
		Debug|x64 = Debug|x64
		Debug|x86 = Debug|x86
		Release|Any CPU = Release|Any CPU
		Release|x64 = Release|x64
		Release|x86 = Release|x86
	EndGlobalSection
	GlobalSection(ProjectConfigurationPlatforms) = postSolution
		{B974957D-94CA-6DAE-F9DD-C74718CF20E3}.Debug|Any CPU.ActiveCfg = Debug|Any CPU
		{B974957D-94CA-6DAE-F9DD-C74718CF20E3}.Debug|Any CPU.Build.0 = Debug|Any CPU
		{B974957D-94CA-6DAE-F9DD-C74718CF20E3}.Debug|x64.ActiveCfg = Debug|Any CPU
		{B974957D-94CA-6DAE-F9DD-C74718CF20E3}.Debug|x64.Build.0 = Debug|Any CPU
		{B974957D-94CA-6DAE-F9DD-C74718CF20E3}.Debug|x86.ActiveCfg = Debug|Any CPU
		{B974957D-94CA-6DAE-F9DD-C74718CF20E3}.Debug|x86.Build.0 = Debug|Any CPU
		{B974957D-94CA-6DAE-F9DD-C74718CF20E3}.Release|Any CPU.ActiveCfg = Release|Any CPU
		{B974957D-94CA-6DAE-F9DD-C74718CF20E3}.Release|Any CPU.Build.0 = Release|Any CPU
		{B974957D-94CA-6DAE-F9DD-C74718CF20E3}.Release|x64.ActiveCfg = Release|Any CPU
		{B974957D-94CA-6DAE-F9DD-C74718CF20E3}.Release|x64.Build.0 = Release|Any CPU
		{B974957D-94CA-6DAE-F9DD-C74718CF20E3}.Release|x86.ActiveCfg = Release|Any CPU
		{B974957D-94CA-6DAE-F9DD-C74718CF20E3}.Release|x86.Build.0 = Release|Any CPU
		{3BBEF81A-60F6-44D8-A686-06254C959201}.Debug|Any CPU.ActiveCfg = Debug|Any CPU
		{3BBEF81A-60F6-44D8-A686-06254C959201}.Debug|Any CPU.Build.0 = Debug|Any CPU
		{3BBEF81A-60F6-44D8-A686-06254C959201}.Debug|x64.ActiveCfg = Debug|Any CPU
		{3BBEF81A-60F6-44D8-A686-06254C959201}.Debug|x64.Build.0 = Debug|Any CPU
		{3BBEF81A-60F6-44D8-A686-06254C959201}.Debug|x86.ActiveCfg = Debug|Any CPU
		{3BBEF81A-60F6-44D8-A686-06254C959201}.Debug|x86.Build.0 = Debug|Any CPU
		{3BBEF81A-60F6-44D8-A686-06254C959201}.Release|Any CPU.ActiveCfg = Release|Any CPU
		{3BBEF81A-60F6-44D8-A686-06254C959201}.Release|Any CPU.Build.0 = Release|Any CPU
		{3BBEF81A-60F6-44D8-A686-06254C959201}.Release|x64.ActiveCfg = Release|Any CPU
		{3BBEF81A-60F6-44D8-A686-06254C959201}.Release|x64.Build.0 = Release|Any CPU
		{3BBEF81A-60F6-44D8-A686-06254C959201}.Release|x86.ActiveCfg = Release|Any CPU
		{3BBEF81A-60F6-44D8-A686-06254C959201}.Release|x86.Build.0 = Release|Any CPU
	EndGlobalSection
	GlobalSection(SolutionProperties) = preSolution
		HideSolutionNode = FALSE
	EndGlobalSection
	GlobalSection(ExtensibilityGlobals) = postSolution
		SolutionGuid = {5F88D142-DA86-4EF5-BCA1-E0DDFF36BD82}
	EndGlobalSection
EndGlobal
